{
  "name": "sharingan",
  "version": "1.0.0",
  "lockfileVersion": 2,
  "requires": true,
  "packages": {
    "": {
      "name": "sharingan",
      "version": "1.0.0",
      "dependencies": {
        "@hotwired/stimulus": "^3.2.1",
        "@rails/ujs": "^7.0.4-1",
        "stimulus-use": "^0.51.3"
      }
    },
    "node_modules/@hotwired/stimulus": {
      "version": "3.2.1",
      "resolved": "https://registry.npmjs.org/@hotwired/stimulus/-/stimulus-3.2.1.tgz",
      "integrity": "sha512-HGlzDcf9vv/EQrMJ5ZG6VWNs8Z/xMN+1o2OhV1gKiSG6CqZt5MCBB1gRg5ILiN3U0jEAxuDTNPRfBcnZBDmupQ=="
    },
    "node_modules/@rails/ujs": {
      "version": "7.0.4-1",
      "resolved": "https://registry.npmjs.org/@rails/ujs/-/ujs-7.0.4-1.tgz",
      "integrity": "sha512-EIB/lHe9Jk5hTo5XG5KQznBCk0jEtb6dVaaUpOrk3mmsH68gavPSs3Sx6ovdBmyWdeoyh30kxOymPj5afPmcBg=="
    },
    "node_modules/hotkeys-js": {
      "version": "3.10.1",
      "resolved": "https://registry.npmjs.org/hotkeys-js/-/hotkeys-js-3.10.1.tgz",
      "integrity": "sha512-mshqjgTqx8ee0qryHvRgZaZDxTwxam/2yTQmQlqAWS3+twnq1jsY9Yng9zB7lWq6WRrjTbTOc7knNwccXQiAjQ=="
    },
    "node_modules/stimulus-use": {
      "version": "0.51.3",
      "resolved": "https://registry.npmjs.org/stimulus-use/-/stimulus-use-0.51.3.tgz",
      "integrity": "sha512-V4YETxMFL4/bpmcqlwFtaOaJg9sLF+XlWsvXrsoWVA5jffsqe7uAvV6gGPPQta7Hgx01vovA0yNsWUe2eU9Jmw==",
      "dependencies": {
        "hotkeys-js": ">=3"
      },
      "peerDependencies": {
        "@hotwired/stimulus": ">= 3"
      }
    }
  },
  "dependencies": {
    "@hotwired/stimulus": {
      "version": "3.2.1",
      "resolved": "https://registry.npmjs.org/@hotwired/stimulus/-/stimulus-3.2.1.tgz",
      "integrity": "sha512-HGlzDcf9vv/EQrMJ5ZG6VWNs8Z/xMN+1o2OhV1gKiSG6CqZt5MCBB1gRg5ILiN3U0jEAxuDTNPRfBcnZBDmupQ=="
    },
    "@rails/ujs": {
      "version": "7.0.4-1",
      "resolved": "https://registry.npmjs.org/@rails/ujs/-/ujs-7.0.4-1.tgz",
      "integrity": "sha512-EIB/lHe9Jk5hTo5XG5KQznBCk0jEtb6dVaaUpOrk3mmsH68gavPSs3Sx6ovdBmyWdeoyh30kxOymPj5afPmcBg=="
    },
    "hotkeys-js": {
      "version": "3.10.1",
      "resolved": "https://registry.npmjs.org/hotkeys-js/-/hotkeys-js-3.10.1.tgz",
      "integrity": "sha512-mshqjgTqx8ee0qryHvRgZaZDxTwxam/2yTQmQlqAWS3+twnq1jsY9Yng9zB7lWq6WRrjTbTOc7knNwccXQiAjQ=="
    },
    "stimulus-use": {
      "version": "0.51.3",
      "resolved": "https://registry.npmjs.org/stimulus-use/-/stimulus-use-0.51.3.tgz",
      "integrity": "sha512-V4YETxMFL4/bpmcqlwFtaOaJg9sLF+XlWsvXrsoWVA5jffsqe7uAvV6gGPPQta7Hgx01vovA0yNsWUe2eU9Jmw==",
      "requires": {
        "hotkeys-js": ">=3"
      }
    }
  }
}
