# THIS IS AN AUTOGENERATED FILE. DO NOT EDIT THIS FILE DIRECTLY.
# yarn lockfile v1


"@esbuild/linux-x64@0.17.5":
  "integrity" "sha512-vnxuhh9e4pbtABNLbT2ANW4uwQ/zvcHRCm1JxaYkzSehugoFd5iXyC4ci1nhXU13mxEwCnrnTIiiSGwa/uAF1g=="
  "resolved" "https://registry.npmjs.org/@esbuild/linux-x64/-/linux-x64-0.17.5.tgz"
  "version" "0.17.5"

"@hotwired/stimulus@^3.2.1", "@hotwired/stimulus@>= 3":
  "integrity" "sha512-HGlzDcf9vv/EQrMJ5ZG6VWNs8Z/xMN+1o2OhV1gKiSG6CqZt5MCBB1gRg5ILiN3U0jEAxuDTNPRfBcnZBDmupQ=="
  "resolved" "https://registry.npmjs.org/@hotwired/stimulus/-/stimulus-3.2.1.tgz"
  "version" "3.2.1"

"@hotwired/turbo-rails@^7.2.4":
  "integrity" "sha512-F8ztmARxd/XBdevRa//HoJGZ7u+Unb0J7cQUeUP+pBvt9Ta2TJJ7a2TORAOhjC8Zgxx+LKwm/1UUHqN3ojjiGw=="
  "resolved" "https://registry.npmjs.org/@hotwired/turbo-rails/-/turbo-rails-7.2.5.tgz"
  "version" "7.2.5"
  dependencies:
    "@hotwired/turbo" "^7.2.5"
    "@rails/actioncable" "^7.0"

"@hotwired/turbo@^7.2.5":
  "integrity" "sha512-o5PByC/mWkmTe4pWnKrixhPECJUxIT/NHtxKqjq7n9Fj6JlNza1pgxdTCJVIq+PI0j95U+7mA3N4n4A/QYZtZQ=="
  "resolved" "https://registry.npmjs.org/@hotwired/turbo/-/turbo-7.2.5.tgz"
  "version" "7.2.5"

"@rails/actioncable@^7.0":
  "integrity" "sha512-tz4oM+Zn9CYsvtyicsa/AwzKZKL+ITHWkhiu7x+xF77clh2b4Rm+s6xnOgY/sGDWoFWZmtKsE95hxBPkgQQNnQ=="
  "resolved" "https://registry.npmjs.org/@rails/actioncable/-/actioncable-7.0.4.tgz"
  "version" "7.0.4"

"@rails/request.js@0.0.8":
  "integrity" "sha512-ysHYZDl+XjBwFVXz7EI7XW+ZWiTFY8t7TrC/ahpAPt0p7NE4DZxm1nJQY9gmF4PBf+4pAYa+D/rLIGmrn1ZMvg=="
  "resolved" "https://registry.npmjs.org/@rails/request.js/-/request.js-0.0.8.tgz"
  "version" "0.0.8"

"@rails/ujs@^7.0.4-1":
  "integrity" "sha512-EIB/lHe9Jk5hTo5XG5KQznBCk0jEtb6dVaaUpOrk3mmsH68gavPSs3Sx6ovdBmyWdeoyh30kxOymPj5afPmcBg=="
  "resolved" "https://registry.npmjs.org/@rails/ujs/-/ujs-7.0.4-1.tgz"
  "version" "7.0.4-1"

"esbuild@^0.17.3":
  "integrity" "sha512-Bu6WLCc9NMsNoMJUjGl3yBzTjVLXdysMltxQWiLAypP+/vQrf+3L1Xe8fCXzxaECus2cEJ9M7pk4yKatEwQMqQ=="
  "resolved" "https://registry.npmjs.org/esbuild/-/esbuild-0.17.5.tgz"
  "version" "0.17.5"
  optionalDependencies:
    "@esbuild/android-arm" "0.17.5"
    "@esbuild/android-arm64" "0.17.5"
    "@esbuild/android-x64" "0.17.5"
    "@esbuild/darwin-arm64" "0.17.5"
    "@esbuild/darwin-x64" "0.17.5"
    "@esbuild/freebsd-arm64" "0.17.5"
    "@esbuild/freebsd-x64" "0.17.5"
    "@esbuild/linux-arm" "0.17.5"
    "@esbuild/linux-arm64" "0.17.5"
    "@esbuild/linux-ia32" "0.17.5"
    "@esbuild/linux-loong64" "0.17.5"
    "@esbuild/linux-mips64el" "0.17.5"
    "@esbuild/linux-ppc64" "0.17.5"
    "@esbuild/linux-riscv64" "0.17.5"
    "@esbuild/linux-s390x" "0.17.5"
    "@esbuild/linux-x64" "0.17.5"
    "@esbuild/netbsd-x64" "0.17.5"
    "@esbuild/openbsd-x64" "0.17.5"
    "@esbuild/sunos-x64" "0.17.5"
    "@esbuild/win32-arm64" "0.17.5"
    "@esbuild/win32-ia32" "0.17.5"
    "@esbuild/win32-x64" "0.17.5"

"hotkeys-js@>=3":
  "integrity" "sha512-mshqjgTqx8ee0qryHvRgZaZDxTwxam/2yTQmQlqAWS3+twnq1jsY9Yng9zB7lWq6WRrjTbTOc7knNwccXQiAjQ=="
  "resolved" "https://registry.npmjs.org/hotkeys-js/-/hotkeys-js-3.10.1.tgz"
  "version" "3.10.1"

"stimulus-use@^0.51.3":
  "integrity" "sha512-V4YETxMFL4/bpmcqlwFtaOaJg9sLF+XlWsvXrsoWVA5jffsqe7uAvV6gGPPQta7Hgx01vovA0yNsWUe2eU9Jmw=="
  "resolved" "https://registry.npmjs.org/stimulus-use/-/stimulus-use-0.51.3.tgz"
  "version" "0.51.3"
  dependencies:
    "hotkeys-js" ">=3"
