# THIS IS AN AUTOGENERATED FILE. DO NOT EDIT THIS FILE DIRECTLY.
# yarn lockfile v1


"@esbuild/linux-x64@0.17.5":
  "integrity" "sha512-vnxuhh9e4pbtABNLbT2ANW4uwQ/zvcHRCm1JxaYkzSehugoFd5iXyC4ci1nhXU13mxEwCnrnTIiiSGwa/uAF1g=="
  "resolved" "https://registry.npmjs.org/@esbuild/linux-x64/-/linux-x64-0.17.5.tgz"
  "version" "0.17.5"

"@hotwired/stimulus@^3.2.1", "@hotwired/stimulus@>= 3":
  "integrity" "sha512-HGlzDcf9vv/EQrMJ5ZG6VWNs8Z/xMN+1o2OhV1gKiSG6CqZt5MCBB1gRg5ILiN3U0jEAxuDTNPRfBcnZBDmupQ=="
  "resolved" "https://registry.npmjs.org/@hotwired/stimulus/-/stimulus-3.2.1.tgz"
  "version" "3.2.1"

"@hotwired/turbo-rails@^7.2.4":
  "integrity" "sha512-F8ztmARxd/XBdevRa//HoJGZ7u+Unb0J7cQUeUP+pBvt9Ta2TJJ7a2TORAOhjC8Zgxx+LKwm/1UUHqN3ojjiGw=="
  "resolved" "https://registry.npmjs.org/@hotwired/turbo-rails/-/turbo-rails-7.2.5.tgz"
  "version" "7.2.5"
  dependencies:
    "@hotwired/turbo" "^7.2.5"
    "@rails/actioncable" "^7.0"

"@hotwired/turbo@^7.2.5":
  "integrity" "sha512-o5PByC/mWkmTe4pWnKrixhPECJUxIT/NHtxKqjq7n9Fj6JlNza1pgxdTCJVIq+PI0j95U+7mA3N4n4A/QYZtZQ=="
  "resolved" "https://registry.npmjs.org/@hotwired/turbo/-/turbo-7.2.5.tgz"
  "version" "7.2.5"

"@rails/actioncable@^7.0":
  "integrity" "sha512-tz4oM+Zn9CYsvtyicsa/AwzKZKL+ITHWkhiu7x+xF77clh2b4Rm+s6xnOgY/sGDWoFWZmtKsE95hxBPkgQQNnQ=="
  "resolved" "https://registry.npmjs.org/@rails/actioncable/-/actioncable-7.0.4.tgz"
  "version" "7.0.4"

"@rails/request.js@0.0.8":
  "integrity" "sha512-ysHYZDl+XjBwFVXz7EI7XW+ZWiTFY8t7TrC/ahpAPt0p7NE4DZxm1nJQY9gmF4PBf+4pAYa+D/rLIGmrn1ZMvg=="
  "resolved" "https://registry.npmjs.org/@rails/request.js/-/request.js-0.0.8.tgz"
  "version" "0.0.8"

"@rails/ujs@^7.0.4-1":
  "integrity" "sha512-EIB/lHe9Jk5hTo5XG5KQznBCk0jEtb6dVaaUpOrk3mmsH68gavPSs3Sx6ovdBmyWdeoyh30kxOymPj5afPmcBg=="
  "resolved" "https://registry.npmjs.org/@rails/ujs/-/ujs-7.0.4-1.tgz"
  "version" "7.0.4-1"

"@types/codemirror@^5.60.4":
  "integrity" "sha512-QXIC+RPzt/1BGSuD6iFn6UMC9TDp+9hkOANYNPVsjjrDdzKphfRkwQDKGp2YaC54Yhz0g6P5uYTCCibZZEiMAA=="
  "resolved" "https://registry.npmjs.org/@types/codemirror/-/codemirror-5.60.7.tgz"
  "version" "5.60.7"
  dependencies:
    "@types/tern" "*"

"@types/estree@*":
  "integrity" "sha512-WulqXMDUTYAXCjZnk6JtIHPigp55cVtDgDrO2gHRwhyJto21+1zbVCtOYB2L1F9w4qCQ0rOGWBnBe0FNTiEJIQ=="
  "resolved" "https://registry.npmjs.org/@types/estree/-/estree-1.0.0.tgz"
  "version" "1.0.0"

"@types/marked@^4.0.7":
  "integrity" "sha512-HVNzMT5QlWCOdeuBsgXP8EZzKUf0+AXzN+sLmjvaB3ZlLqO+e4u0uXrdw9ub69wBKFs+c6/pA4r9sy6cCDvImw=="
  "resolved" "https://registry.npmjs.org/@types/marked/-/marked-4.0.8.tgz"
  "version" "4.0.8"

"@types/tern@*":
  "integrity" "sha512-JAUw1iXGO1qaWwEOzxTKJZ/5JxVeON9kvGZ/osgZaJImBnyjyn0cjovPsf6FNLmyGY8Vw9DoXZCMlfMkMwHRWg=="
  "resolved" "https://registry.npmjs.org/@types/tern/-/tern-0.23.4.tgz"
  "version" "0.23.4"
  dependencies:
    "@types/estree" "*"

"codemirror-spell-checker@1.1.2":
  "integrity" "sha512-2Tl6n0v+GJRsC9K3MLCdLaMOmvWL0uukajNJseorZJsslaxZyZMgENocPU8R0DyoTAiKsyqiemSOZo7kjGV0LQ=="
  "resolved" "https://registry.npmjs.org/codemirror-spell-checker/-/codemirror-spell-checker-1.1.2.tgz"
  "version" "1.1.2"
  dependencies:
    "typo-js" "*"

"codemirror@^5.63.1":
  "integrity" "sha512-z2jlHBocElRnPYysN2HAuhXbO3DNB0bcSKmNz3hcWR2Js2Dkhc1bEOxG93Z3DeUrnm+qx56XOY5wQmbP5KY0sw=="
  "resolved" "https://registry.npmjs.org/codemirror/-/codemirror-5.65.12.tgz"
  "version" "5.65.12"

"easymde@^2.18.0":
  "integrity" "sha512-IxVVUxNWIoXLeqtBU4BLc+eS/ScYhT1Dcb6yF5Wchoj1iXAV+TIIDWx+NCaZhY7RcSHqDPKllbYq7nwGKILnoA=="
  "resolved" "https://registry.npmjs.org/easymde/-/easymde-2.18.0.tgz"
  "version" "2.18.0"
  dependencies:
    "@types/codemirror" "^5.60.4"
    "@types/marked" "^4.0.7"
    "codemirror" "^5.63.1"
    "codemirror-spell-checker" "1.1.2"
    "marked" "^4.1.0"

"esbuild@^0.17.3":
  "integrity" "sha512-Bu6WLCc9NMsNoMJUjGl3yBzTjVLXdysMltxQWiLAypP+/vQrf+3L1Xe8fCXzxaECus2cEJ9M7pk4yKatEwQMqQ=="
  "resolved" "https://registry.npmjs.org/esbuild/-/esbuild-0.17.5.tgz"
  "version" "0.17.5"
  optionalDependencies:
    "@esbuild/android-arm" "0.17.5"
    "@esbuild/android-arm64" "0.17.5"
    "@esbuild/android-x64" "0.17.5"
    "@esbuild/darwin-arm64" "0.17.5"
    "@esbuild/darwin-x64" "0.17.5"
    "@esbuild/freebsd-arm64" "0.17.5"
    "@esbuild/freebsd-x64" "0.17.5"
    "@esbuild/linux-arm" "0.17.5"
    "@esbuild/linux-arm64" "0.17.5"
    "@esbuild/linux-ia32" "0.17.5"
    "@esbuild/linux-loong64" "0.17.5"
    "@esbuild/linux-mips64el" "0.17.5"
    "@esbuild/linux-ppc64" "0.17.5"
    "@esbuild/linux-riscv64" "0.17.5"
    "@esbuild/linux-s390x" "0.17.5"
    "@esbuild/linux-x64" "0.17.5"
    "@esbuild/netbsd-x64" "0.17.5"
    "@esbuild/openbsd-x64" "0.17.5"
    "@esbuild/sunos-x64" "0.17.5"
    "@esbuild/win32-arm64" "0.17.5"
    "@esbuild/win32-ia32" "0.17.5"
    "@esbuild/win32-x64" "0.17.5"

"github-markdown-css@^5.1.0":
  "integrity" "sha512-QLtORwHHtUHhPMHu7i4GKfP6Vx5CWZn+NKQXe+cBhslY1HEt0CTEkP4d/vSROKV0iIJSpl4UtlQ16AD8C6lMug=="
  "resolved" "https://registry.npmjs.org/github-markdown-css/-/github-markdown-css-5.1.0.tgz"
  "version" "5.1.0"

"hotkeys-js@>=3":
  "integrity" "sha512-mshqjgTqx8ee0qryHvRgZaZDxTwxam/2yTQmQlqAWS3+twnq1jsY9Yng9zB7lWq6WRrjTbTOc7knNwccXQiAjQ=="
  "resolved" "https://registry.npmjs.org/hotkeys-js/-/hotkeys-js-3.10.1.tgz"
  "version" "3.10.1"

"jquery@^3.6.4":
  "integrity" "sha512-v28EW9DWDFpzcD9O5iyJXg3R3+q+mET5JhnjJzQUZMHOv67bpSIHq81GEYpPNZHG+XXHsfSme3nxp/hndKEcsQ=="
  "resolved" "https://registry.npmjs.org/jquery/-/jquery-3.6.4.tgz"
  "version" "3.6.4"

"marked@^4.1.0":
  "integrity" "sha512-yr8hSKa3Fv4D3jdZmtMMPghgVt6TWbk86WQaWhDloQjRSQhMMYCAro7jP7VDJrjjdV8pxVxMssXS8B8Y5DZ5aw=="
  "resolved" "https://registry.npmjs.org/marked/-/marked-4.2.12.tgz"
  "version" "4.2.12"

"stimulus-use@^0.51.3":
  "integrity" "sha512-V4YETxMFL4/bpmcqlwFtaOaJg9sLF+XlWsvXrsoWVA5jffsqe7uAvV6gGPPQta7Hgx01vovA0yNsWUe2eU9Jmw=="
  "resolved" "https://registry.npmjs.org/stimulus-use/-/stimulus-use-0.51.3.tgz"
  "version" "0.51.3"
  dependencies:
    "hotkeys-js" ">=3"

"typo-js@*":
  "integrity" "sha512-C7pYBQK17EjSg8tVNY91KHdUt5Nf6FMJ+c3js076quPmBML57PmNMzAcIq/2kf/hSYtFABNDIYNYlJRl5BJhGw=="
  "resolved" "https://registry.npmjs.org/typo-js/-/typo-js-1.2.2.tgz"
  "version" "1.2.2"
